Microsoft Visual Studio Solution File, Format Version 12.00
# Visual Studio Version 16
VisualStudioVersion = 16.0.30320.27
MinimumVisualStudioVersion = 10.0.40219.1
Project("{9A19103F-16F7-4668-BE54-9A1E7A4F7556}") = "DrakulasSlottC64Port", "DrakulasSlottC64Port\DrakulasSlottC64Port.csproj", "{336DBC9B-9D87-44A6-B8AD-E1205A0B51B4}"
EndProject
Project("{2150E333-8FDC-42A3-9474-1A3956D46DE8}") = "Solution Items", "Solution Items", "{802B408C-527C-43C3-AB33-6D7DC9BE7BF8}"
	ProjectSection(SolutionItems) = preProject
		.editorconfig = .editorconfig
	EndProjectSection
EndProject
Global
	GlobalSection(SolutionConfigurationPlatforms) = preSolution
		Debug|Any CPU = Debug|Any CPU
		Release|Any CPU = Release|Any CPU
	EndGlobalSection
	GlobalSection(ProjectConfigurationPlatforms) = postSolution
		{336DBC9B-9D87-44A6-B8AD-E1205A0B51B4}.Debug|Any CPU.ActiveCfg = Debug|Any CPU
		{336DBC9B-9D87-44A6-B8AD-E1205A0B51B4}.Debug|Any CPU.Build.0 = Debug|Any CPU
		{336DBC9B-9D87-44A6-B8AD-E1205A0B51B4}.Release|Any CPU.ActiveCfg = Release|Any CPU
		{336DBC9B-9D87-44A6-B8AD-E1205A0B51B4}.Release|Any CPU.Build.0 = Release|Any CPU
	EndGlobalSection
	GlobalSection(SolutionProperties) = preSolution
		HideSolutionNode = FALSE
	EndGlobalSection
	GlobalSection(ExtensibilityGlobals) = postSolution
		SolutionGuid = {75d184e9-71d8-47ac-ac37-8c1a965152ca}
	EndGlobalSection
EndGlobal
